{
  "nodes": {
    "clj-nix": {
      "inputs": {
        "devshell": "devshell",
        "flake-utils": "flake-utils_2",
        "nixpkgs": [
          "nixpkgs"
        ]
      },
      "locked": {
        "lastModified": 1654005205,
        "narHash": "sha256-o77B3SgVhavw5RrUpWH9q+RNVs+UWvRLT8tHEFBUu9E=",
        "owner": "jlesquembre",
        "repo": "clj-nix",
        "rev": "b3c8afa4679405d88b6eff629221954a6afa742c",
        "type": "github"
      },
      "original": {
        "owner": "jlesquembre",
        "ref": "pname",
        "repo": "clj-nix",
        "type": "github"
      }
    },
    "devshell": {
      "inputs": {
        "flake-utils": "flake-utils",
        "nixpkgs": [
          "clj-nix",
          "nixpkgs"
        ]
      },
      "locked": {
        "lastModified": 1644227066,
        "narHash": "sha256-FHcFZtpZEWnUh62xlyY3jfXAXHzJNEDLDzLsJxn+ve0=",
        "owner": "numtide",
        "repo": "devshell",
        "rev": "7033f64dd9ef8d9d8644c5030c73913351d2b660",
        "type": "github"
      },
      "original": {
        "owner": "numtide",
        "repo": "devshell",
        "type": "github"
      }
    },
    "flake-utils": {
      "locked": {
        "lastModified": 1642700792,
        "narHash": "sha256-XqHrk7hFb+zBvRg6Ghl+AZDq03ov6OshJLiSWOoX5es=",
        "owner": "numtide",
        "repo": "flake-utils",
        "rev": "846b2ae0fc4cc943637d3d1def4454213e203cba",
        "type": "github"
      },
      "original": {
        "owner": "numtide",
        "repo": "flake-utils",
        "type": "github"
      }
    },
    "flake-utils_2": {
      "locked": {
        "lastModified": 1644229661,
        "narHash": "sha256-1YdnJAsNy69bpcjuoKdOYQX0YxZBiCYZo4Twxerqv7k=",
        "owner": "numtide",
        "repo": "flake-utils",
        "rev": "3cecb5b042f7f209c56ffd8371b2711a290ec797",
        "type": "github"
      },
      "original": {
        "owner": "numtide",
        "repo": "flake-utils",
        "type": "github"
      }
    },
    "flake-utils_3": {
      "locked": {
        "lastModified": 1653893745,
        "narHash": "sha256-0jntwV3Z8//YwuOjzhV2sgJJPt+HY6KhU7VZUL0fKZQ=",
        "owner": "numtide",
        "repo": "flake-utils",
        "rev": "1ed9fb1935d260de5fe1c2f7ee0ebaae17ed2fa1",
        "type": "github"
      },
      "original": {
        "owner": "numtide",
        "repo": "flake-utils",
        "type": "github"
      }
    },
    "nixpkgs": {
      "locked": {
        "lastModified": 1653845079,
        "narHash": "sha256-7ghaQZ+7JXLI9FgNH8+RQHAt3/ubT92j8NtjZleP6t4=",
        "owner": "NixOS",
        "repo": "nixpkgs",
        "rev": "b62ada430501de88dfbb08cea4eb98ead3a5e3e7",
        "type": "github"
      },
      "original": {
        "owner": "NixOS",
        "ref": "nixos-unstable",
        "repo": "nixpkgs",
        "type": "github"
      }
    },
    "root": {
      "inputs": {
        "clj-nix": "clj-nix",
        "flake-utils": "flake-utils_3",
        "nixpkgs": "nixpkgs"
      }
    }
  },
  "root": "root",
  "version": 7
}
