name: "Update deps-lock.json"
on:
  push:
    branches:
      - master
    paths:
      - "**/deps.edn"
      - "**/bb.edn"

jobs:
  update-lock:
    runs-on: ubuntu-20.04

    steps:
      - uses: actions/checkout@v3

      - uses: cachix/install-nix-action@v17

      - name: Update deps-lock
        run: "nix develop --command deps-lock-update"

      - name: Create Pull Request
        uses: peter-evans/create-pull-request@v4.0.3
        with:
          commit-message: Update deps-lock.json
          title: Update deps-lock.json
          branch: update-deps-lock
